{
  "name": "SocialMediaAlmat",
  "lockfileVersion": 3,
  "requires": true,
  "packages": {
    "": {
      "dependencies": {
        "style.css": "^1.0.3"
      }
    },
    "node_modules/style.css": {
      "version": "1.0.3",
      "resolved": "https://registry.npmjs.org/style.css/-/style.css-1.0.3.tgz",
      "integrity": "sha512-gek0b2UUoC2u1apcSFlEBdX3VxgKo+iAui/nTtpRBmkUlKbdYgtBU8t4tv0OAIZxNIl50htVGNWyafD1g4dlDg==",
      "license": "ISC"
    }
  }
}
